
Microsoft Visual Studio Solution File, Format Version 12.00
# Visual Studio Version 17
VisualStudioVersion = 17.2.32616.157
MinimumVisualStudioVersion = 10.0.40219.1
Project("{9A19103F-16F7-4668-BE54-9A1E7A4F7556}") = "Business", "..\Business\Business.csproj", "{C8A12028-1CFF-4E9A-A8C9-03EBFB65B6F4}"
EndProject
Project("{9A19103F-16F7-4668-BE54-9A1E7A4F7556}") = "DataAccess", "..\DataAccess\DataAccess.csproj", "{B0C9EAA5-895D-442A-8315-2E6F5B4DB740}"
EndProject
Project("{9A19103F-16F7-4668-BE54-9A1E7A4F7556}") = "Entities", "..\Entities\Entities.csproj", "{A83D4D53-8873-46EA-BC6E-7B7D79C06AB6}"
EndProject
Project("{9A19103F-16F7-4668-BE54-9A1E7A4F7556}") = "Core", "..\Core\Core.csproj", "{0462054D-A417-4E94-B720-BB91362863A7}"
EndProject
Project("{FAE04EC0-301F-11D3-BF4B-00C04F79EFBC}") = "WebAPI", "..\WebAPI\WebAPI.csproj", "{9F162409-B33C-4636-BBDF-48F666AB3DEB}"
EndProject
Global
	GlobalSection(SolutionConfigurationPlatforms) = preSolution
		Debug|Any CPU = Debug|Any CPU
		Release|Any CPU = Release|Any CPU
	EndGlobalSection
	GlobalSection(ProjectConfigurationPlatforms) = postSolution
		{C8A12028-1CFF-4E9A-A8C9-03EBFB65B6F4}.Debug|Any CPU.ActiveCfg = Debug|Any CPU
		{C8A12028-1CFF-4E9A-A8C9-03EBFB65B6F4}.Debug|Any CPU.Build.0 = Debug|Any CPU
		{C8A12028-1CFF-4E9A-A8C9-03EBFB65B6F4}.Release|Any CPU.ActiveCfg = Release|Any CPU
		{C8A12028-1CFF-4E9A-A8C9-03EBFB65B6F4}.Release|Any CPU.Build.0 = Release|Any CPU
		{B0C9EAA5-895D-442A-8315-2E6F5B4DB740}.Debug|Any CPU.ActiveCfg = Debug|Any CPU
		{B0C9EAA5-895D-442A-8315-2E6F5B4DB740}.Debug|Any CPU.Build.0 = Debug|Any CPU
		{B0C9EAA5-895D-442A-8315-2E6F5B4DB740}.Release|Any CPU.ActiveCfg = Release|Any CPU
		{B0C9EAA5-895D-442A-8315-2E6F5B4DB740}.Release|Any CPU.Build.0 = Release|Any CPU
		{A83D4D53-8873-46EA-BC6E-7B7D79C06AB6}.Debug|Any CPU.ActiveCfg = Debug|Any CPU
		{A83D4D53-8873-46EA-BC6E-7B7D79C06AB6}.Debug|Any CPU.Build.0 = Debug|Any CPU
		{A83D4D53-8873-46EA-BC6E-7B7D79C06AB6}.Release|Any CPU.ActiveCfg = Release|Any CPU
		{A83D4D53-8873-46EA-BC6E-7B7D79C06AB6}.Release|Any CPU.Build.0 = Release|Any CPU
		{0462054D-A417-4E94-B720-BB91362863A7}.Debug|Any CPU.ActiveCfg = Debug|Any CPU
		{0462054D-A417-4E94-B720-BB91362863A7}.Debug|Any CPU.Build.0 = Debug|Any CPU
		{0462054D-A417-4E94-B720-BB91362863A7}.Release|Any CPU.ActiveCfg = Release|Any CPU
		{0462054D-A417-4E94-B720-BB91362863A7}.Release|Any CPU.Build.0 = Release|Any CPU
		{9F162409-B33C-4636-BBDF-48F666AB3DEB}.Debug|Any CPU.ActiveCfg = Debug|Any CPU
		{9F162409-B33C-4636-BBDF-48F666AB3DEB}.Debug|Any CPU.Build.0 = Debug|Any CPU
		{9F162409-B33C-4636-BBDF-48F666AB3DEB}.Release|Any CPU.ActiveCfg = Release|Any CPU
		{9F162409-B33C-4636-BBDF-48F666AB3DEB}.Release|Any CPU.Build.0 = Release|Any CPU
	EndGlobalSection
	GlobalSection(SolutionProperties) = preSolution
		HideSolutionNode = FALSE
	EndGlobalSection
	GlobalSection(ExtensibilityGlobals) = postSolution
		SolutionGuid = {8A1F29F6-3506-423E-87CC-3A38239EA557}
	EndGlobalSection
EndGlobal
